
Microsoft Visual Studio Solution File, Format Version 12.00
# Visual Studio Version 17
VisualStudioVersion = 17.1.32210.238
MinimumVisualStudioVersion = 10.0.40219.1
Project("{FAE04EC0-301F-11D3-BF4B-00C04F79EFBC}") = "LocalizaFrotas", "LocalizaFrotas\LocalizaFrotas.csproj", "{AE978911-AE8C-447D-AB10-C87A9475C141}"
EndProject
Global
	GlobalSection(SolutionConfigurationPlatforms) = preSolution
		Debug|Any CPU = Debug|Any CPU
		Release|Any CPU = Release|Any CPU
	EndGlobalSection
	GlobalSection(ProjectConfigurationPlatforms) = postSolution
		{AE978911-AE8C-447D-AB10-C87A9475C141}.Debug|Any CPU.ActiveCfg = Debug|Any CPU
		{AE978911-AE8C-447D-AB10-C87A9475C141}.Debug|Any CPU.Build.0 = Debug|Any CPU
		{AE978911-AE8C-447D-AB10-C87A9475C141}.Release|Any CPU.ActiveCfg = Release|Any CPU
		{AE978911-AE8C-447D-AB10-C87A9475C141}.Release|Any CPU.Build.0 = Release|Any CPU
	EndGlobalSection
	GlobalSection(SolutionProperties) = preSolution
		HideSolutionNode = FALSE
	EndGlobalSection
	GlobalSection(ExtensibilityGlobals) = postSolution
		SolutionGuid = {3B42D183-096A-418D-87A8-265D4E2C790A}
	EndGlobalSection
EndGlobal
